
Microsoft Visual Studio Solution File, Format Version 12.00
Project("{2150E333-8FDC-42A3-9474-1A3956D46DE8}") = "AllPlay.Domain", "AllPlay.Domain", "{BC363571-3921-43AE-909D-DAF7B75E4C53}"
EndProject
Project("{FAE04EC0-301F-11D3-BF4B-00C04F79EFBC}") = "AllPlay.Domain", "AllPlay.Domain\AllPlay.Domain.csproj", "{3723C556-E8BF-45FA-BE97-99B4BB400086}"
EndProject
Project("{2150E333-8FDC-42A3-9474-1A3956D46DE8}") = "AllPlay.Application", "AllPlay.Application", "{AD303EBF-03BF-41B2-A07A-63DD7D91A537}"
EndProject
Project("{FAE04EC0-301F-11D3-BF4B-00C04F79EFBC}") = "AllPlay.Application", "AllPlay.Application\AllPlay.Application.csproj", "{BAE467C7-CEE7-41E1-9374-855D319AA593}"
EndProject
Project("{2150E333-8FDC-42A3-9474-1A3956D46DE8}") = "AllPlay.Infrastructure", "AllPlay.Infrastructure", "{A3B18EC7-D54C-463D-94EA-F24FFD1B0E2E}"
EndProject
Project("{FAE04EC0-301F-11D3-BF4B-00C04F79EFBC}") = "AllPlay.Infrastructure", "AllPlay.Infrastructure\AllPlay.Infrastructure.csproj", "{00EAD9FC-43ED-4A79-A4F4-46B1235E810B}"
EndProject
Project("{2150E333-8FDC-42A3-9474-1A3956D46DE8}") = "AllPlay.Api", "AllPlay.Api", "{6578FCE6-0BAA-46B8-AB89-8C2BA7016A56}"
EndProject
Project("{FAE04EC0-301F-11D3-BF4B-00C04F79EFBC}") = "AllPlay.Api", "AllPlay.Api\AllPlay.Api.csproj", "{6673296D-71F9-4D65-B35C-BF66EBE8B50B}"
EndProject
Project("{2150E333-8FDC-42A3-9474-1A3956D46DE8}") = "AllPlay.Contracts", "AllPlay.Contracts", "{DF136474-A498-43E6-AB01-1A78D1F90B41}"
EndProject
Project("{FAE04EC0-301F-11D3-BF4B-00C04F79EFBC}") = "AllPlay.Contracts", "AllPlay.Contracts\AllPlay.Contracts.csproj", "{87DE9E3B-345C-46FC-94D9-DB4CEA0568E7}"
EndProject
Project("{2150E333-8FDC-42A3-9474-1A3956D46DE8}") = "src", "src", "{3F2C280A-EBB6-475A-B3A2-9453636C3554}"
EndProject
Project("{2150E333-8FDC-42A3-9474-1A3956D46DE8}") = "tests", "tests", "{D9CC563A-0098-4E64-BF12-E401ED441039}"
EndProject
Project("{FAE04EC0-301F-11D3-BF4B-00C04F79EFBC}") = "AllPlay.Tests.Unit", "..\tests\AllPlay.Tests.Unit\AllPlay.Tests.Unit.csproj", "{01EF1566-06D3-4E60-A2DB-43CE8FC833D7}"
EndProject
Global
	GlobalSection(SolutionConfigurationPlatforms) = preSolution
		Debug|Any CPU = Debug|Any CPU
		Release|Any CPU = Release|Any CPU
	EndGlobalSection
	GlobalSection(NestedProjects) = preSolution
		{3723C556-E8BF-45FA-BE97-99B4BB400086} = {BC363571-3921-43AE-909D-DAF7B75E4C53}
		{BAE467C7-CEE7-41E1-9374-855D319AA593} = {AD303EBF-03BF-41B2-A07A-63DD7D91A537}
		{00EAD9FC-43ED-4A79-A4F4-46B1235E810B} = {A3B18EC7-D54C-463D-94EA-F24FFD1B0E2E}
		{6673296D-71F9-4D65-B35C-BF66EBE8B50B} = {6578FCE6-0BAA-46B8-AB89-8C2BA7016A56}
		{87DE9E3B-345C-46FC-94D9-DB4CEA0568E7} = {DF136474-A498-43E6-AB01-1A78D1F90B41}
		{6578FCE6-0BAA-46B8-AB89-8C2BA7016A56} = {3F2C280A-EBB6-475A-B3A2-9453636C3554}
		{AD303EBF-03BF-41B2-A07A-63DD7D91A537} = {3F2C280A-EBB6-475A-B3A2-9453636C3554}
		{BC363571-3921-43AE-909D-DAF7B75E4C53} = {3F2C280A-EBB6-475A-B3A2-9453636C3554}
		{DF136474-A498-43E6-AB01-1A78D1F90B41} = {3F2C280A-EBB6-475A-B3A2-9453636C3554}
		{A3B18EC7-D54C-463D-94EA-F24FFD1B0E2E} = {3F2C280A-EBB6-475A-B3A2-9453636C3554}
		{01EF1566-06D3-4E60-A2DB-43CE8FC833D7} = {D9CC563A-0098-4E64-BF12-E401ED441039}
	EndGlobalSection
	GlobalSection(ProjectConfigurationPlatforms) = postSolution
		{3723C556-E8BF-45FA-BE97-99B4BB400086}.Debug|Any CPU.ActiveCfg = Debug|Any CPU
		{3723C556-E8BF-45FA-BE97-99B4BB400086}.Debug|Any CPU.Build.0 = Debug|Any CPU
		{3723C556-E8BF-45FA-BE97-99B4BB400086}.Release|Any CPU.ActiveCfg = Release|Any CPU
		{3723C556-E8BF-45FA-BE97-99B4BB400086}.Release|Any CPU.Build.0 = Release|Any CPU
		{BAE467C7-CEE7-41E1-9374-855D319AA593}.Debug|Any CPU.ActiveCfg = Debug|Any CPU
		{BAE467C7-CEE7-41E1-9374-855D319AA593}.Debug|Any CPU.Build.0 = Debug|Any CPU
		{BAE467C7-CEE7-41E1-9374-855D319AA593}.Release|Any CPU.ActiveCfg = Release|Any CPU
		{BAE467C7-CEE7-41E1-9374-855D319AA593}.Release|Any CPU.Build.0 = Release|Any CPU
		{00EAD9FC-43ED-4A79-A4F4-46B1235E810B}.Debug|Any CPU.ActiveCfg = Debug|Any CPU
		{00EAD9FC-43ED-4A79-A4F4-46B1235E810B}.Debug|Any CPU.Build.0 = Debug|Any CPU
		{00EAD9FC-43ED-4A79-A4F4-46B1235E810B}.Release|Any CPU.ActiveCfg = Release|Any CPU
		{00EAD9FC-43ED-4A79-A4F4-46B1235E810B}.Release|Any CPU.Build.0 = Release|Any CPU
		{6673296D-71F9-4D65-B35C-BF66EBE8B50B}.Debug|Any CPU.ActiveCfg = Debug|Any CPU
		{6673296D-71F9-4D65-B35C-BF66EBE8B50B}.Debug|Any CPU.Build.0 = Debug|Any CPU
		{6673296D-71F9-4D65-B35C-BF66EBE8B50B}.Release|Any CPU.ActiveCfg = Release|Any CPU
		{6673296D-71F9-4D65-B35C-BF66EBE8B50B}.Release|Any CPU.Build.0 = Release|Any CPU
		{87DE9E3B-345C-46FC-94D9-DB4CEA0568E7}.Debug|Any CPU.ActiveCfg = Debug|Any CPU
		{87DE9E3B-345C-46FC-94D9-DB4CEA0568E7}.Debug|Any CPU.Build.0 = Debug|Any CPU
		{87DE9E3B-345C-46FC-94D9-DB4CEA0568E7}.Release|Any CPU.ActiveCfg = Release|Any CPU
		{87DE9E3B-345C-46FC-94D9-DB4CEA0568E7}.Release|Any CPU.Build.0 = Release|Any CPU
		{01EF1566-06D3-4E60-A2DB-43CE8FC833D7}.Debug|Any CPU.ActiveCfg = Debug|Any CPU
		{01EF1566-06D3-4E60-A2DB-43CE8FC833D7}.Debug|Any CPU.Build.0 = Debug|Any CPU
		{01EF1566-06D3-4E60-A2DB-43CE8FC833D7}.Release|Any CPU.ActiveCfg = Release|Any CPU
		{01EF1566-06D3-4E60-A2DB-43CE8FC833D7}.Release|Any CPU.Build.0 = Release|Any CPU
	EndGlobalSection
EndGlobal
